// !$*UTF8*$!
{
	archiveVersion = 1;
	classes = {
	};
	objectVersion = 55;
	objects = {

/* Begin PBXBuildFile section */
		C41A044C2817EF0800B889FC /* Flavor+CoreDataClass.swift in Sources */ = {isa = PBXBuildFile; fileRef = C41A044A2817EF0800B889FC /* Flavor+CoreDataClass.swift */; };
		C41A044D2817EF0800B889FC /* Flavor+CoreDataProperties.swift in Sources */ = {isa = PBXBuildFile; fileRef = C41A044B2817EF0800B889FC /* Flavor+CoreDataProperties.swift */; };
		C41A044F2817F26C00B889FC /* EditFlavorView.swift in Sources */ = {isa = PBXBuildFile; fileRef = C41A044E2817F26C00B889FC /* EditFlavorView.swift */; };
		C47DC7EF2816DE0000BB7746 /* AirUpTrackerApp.swift in Sources */ = {isa = PBXBuildFile; fileRef = C47DC7EE2816DE0000BB7746 /* AirUpTrackerApp.swift */; };
		C47DC7F12816DE0000BB7746 /* HomeView.swift in Sources */ = {isa = PBXBuildFile; fileRef = C47DC7F02816DE0000BB7746 /* HomeView.swift */; };
		C47DC7F32816DE0100BB7746 /* Assets.xcassets in Resources */ = {isa = PBXBuildFile; fileRef = C47DC7F22816DE0100BB7746 /* Assets.xcassets */; };
		C47DC7F62816DE0100BB7746 /* Preview Assets.xcassets in Resources */ = {isa = PBXBuildFile; fileRef = C47DC7F52816DE0100BB7746 /* Preview Assets.xcassets */; };
		C47DC7FD2816F2FF00BB7746 /* CoreDataCoordinator.swift in Sources */ = {isa = PBXBuildFile; fileRef = C47DC7FC2816F2FF00BB7746 /* CoreDataCoordinator.swift */; };
		C47DC8012816F33600BB7746 /* AirUpModel.xcdatamodeld in Sources */ = {isa = PBXBuildFile; fileRef = C47DC7FF2816F33600BB7746 /* AirUpModel.xcdatamodeld */; };
		C47DC8032816F53600BB7746 /* FlavorsListView.swift in Sources */ = {isa = PBXBuildFile; fileRef = C47DC8022816F53600BB7746 /* FlavorsListView.swift */; };
		C47DC80B2816F6B200BB7746 /* NewFlavorView.swift in Sources */ = {isa = PBXBuildFile; fileRef = C47DC80A2816F6B200BB7746 /* NewFlavorView.swift */; };
		C4DE9EAE281AD34900C071B8 /* BottleSizeSheet.swift in Sources */ = {isa = PBXBuildFile; fileRef = C4DE9EAD281AD34900C071B8 /* BottleSizeSheet.swift */; };
/* End PBXBuildFile section */

/* Begin PBXFileReference section */
		C41A044A2817EF0800B889FC /* Flavor+CoreDataClass.swift */ = {isa = PBXFileReference; lastKnownFileType = sourcecode.swift; path = "Flavor+CoreDataClass.swift"; sourceTree = "<group>"; };
		C41A044B2817EF0800B889FC /* Flavor+CoreDataProperties.swift */ = {isa = PBXFileReference; lastKnownFileType = sourcecode.swift; path = "Flavor+CoreDataProperties.swift"; sourceTree = "<group>"; };
		C41A044E2817F26C00B889FC /* EditFlavorView.swift */ = {isa = PBXFileReference; lastKnownFileType = sourcecode.swift; path = EditFlavorView.swift; sourceTree = "<group>"; };
		C47DC7EB2816DE0000BB7746 /* AirUpTracker.app */ = {isa = PBXFileReference; explicitFileType = wrapper.application; includeInIndex = 0; path = AirUpTracker.app; sourceTree = BUILT_PRODUCTS_DIR; };
		C47DC7EE2816DE0000BB7746 /* AirUpTrackerApp.swift */ = {isa = PBXFileReference; lastKnownFileType = sourcecode.swift; path = AirUpTrackerApp.swift; sourceTree = "<group>"; };
		C47DC7F02816DE0000BB7746 /* HomeView.swift */ = {isa = PBXFileReference; lastKnownFileType = sourcecode.swift; path = HomeView.swift; sourceTree = "<group>"; };
		C47DC7F22816DE0100BB7746 /* Assets.xcassets */ = {isa = PBXFileReference; lastKnownFileType = folder.assetcatalog; path = Assets.xcassets; sourceTree = "<group>"; };
		C47DC7F52816DE0100BB7746 /* Preview Assets.xcassets */ = {isa = PBXFileReference; lastKnownFileType = folder.assetcatalog; path = "Preview Assets.xcassets"; sourceTree = "<group>"; };
		C47DC7FC2816F2FF00BB7746 /* CoreDataCoordinator.swift */ = {isa = PBXFileReference; lastKnownFileType = sourcecode.swift; path = CoreDataCoordinator.swift; sourceTree = "<group>"; };
		C47DC8002816F33600BB7746 /* AirUpModel.xcdatamodel */ = {isa = PBXFileReference; lastKnownFileType = wrapper.xcdatamodel; path = AirUpModel.xcdatamodel; sourceTree = "<group>"; };
		C47DC8022816F53600BB7746 /* FlavorsListView.swift */ = {isa = PBXFileReference; lastKnownFileType = sourcecode.swift; path = FlavorsListView.swift; sourceTree = "<group>"; };
		C47DC80A2816F6B200BB7746 /* NewFlavorView.swift */ = {isa = PBXFileReference; lastKnownFileType = sourcecode.swift; path = NewFlavorView.swift; sourceTree = "<group>"; };
		C4DE9EAD281AD34900C071B8 /* BottleSizeSheet.swift */ = {isa = PBXFileReference; lastKnownFileType = sourcecode.swift; path = BottleSizeSheet.swift; sourceTree = "<group>"; };
/* End PBXFileReference section */

/* Begin PBXFrameworksBuildPhase section */
		C47DC7E82816DE0000BB7746 /* Frameworks */ = {
			isa = PBXFrameworksBuildPhase;
			buildActionMask = 2147483647;
			files = (
			);
			runOnlyForDeploymentPostprocessing = 0;
		};
/* End PBXFrameworksBuildPhase section */

/* Begin PBXGroup section */
		C47DC7E22816DE0000BB7746 = {
			isa = PBXGroup;
			children = (
				C47DC7ED2816DE0000BB7746 /* AirUpTracker */,
				C47DC7EC2816DE0000BB7746 /* Products */,
			);
			sourceTree = "<group>";
		};
		C47DC7EC2816DE0000BB7746 /* Products */ = {
			isa = PBXGroup;
			children = (
				C47DC7EB2816DE0000BB7746 /* AirUpTracker.app */,
			);
			name = Products;
			sourceTree = "<group>";
		};
		C47DC7ED2816DE0000BB7746 /* AirUpTracker */ = {
			isa = PBXGroup;
			children = (
				C47DC8082816F69800BB7746 /* Views */,
				C47DC7FE2816F32100BB7746 /* Model */,
				C47DC7EE2816DE0000BB7746 /* AirUpTrackerApp.swift */,
				C47DC7F22816DE0100BB7746 /* Assets.xcassets */,
				C47DC7F42816DE0100BB7746 /* Preview Content */,
			);
			path = AirUpTracker;
			sourceTree = "<group>";
		};
		C47DC7F42816DE0100BB7746 /* Preview Content */ = {
			isa = PBXGroup;
			children = (
				C47DC7F52816DE0100BB7746 /* Preview Assets.xcassets */,
			);
			path = "Preview Content";
			sourceTree = "<group>";
		};
		C47DC7FE2816F32100BB7746 /* Model */ = {
			isa = PBXGroup;
			children = (
				C41A044A2817EF0800B889FC /* Flavor+CoreDataClass.swift */,
				C41A044B2817EF0800B889FC /* Flavor+CoreDataProperties.swift */,
				C47DC7FC2816F2FF00BB7746 /* CoreDataCoordinator.swift */,
				C47DC7FF2816F33600BB7746 /* AirUpModel.xcdatamodeld */,
			);
			path = Model;
			sourceTree = "<group>";
		};
		C47DC8082816F69800BB7746 /* Views */ = {
			isa = PBXGroup;
			children = (
				C47DC7F02816DE0000BB7746 /* HomeView.swift */,
				C4DE9EAD281AD34900C071B8 /* BottleSizeSheet.swift */,
				C47DC8092816F69C00BB7746 /* Flavors */,
			);
			path = Views;
			sourceTree = "<group>";
		};
		C47DC8092816F69C00BB7746 /* Flavors */ = {
			isa = PBXGroup;
			children = (
				C47DC8022816F53600BB7746 /* FlavorsListView.swift */,
				C47DC80A2816F6B200BB7746 /* NewFlavorView.swift */,
				C41A044E2817F26C00B889FC /* EditFlavorView.swift */,
			);
			path = Flavors;
			sourceTree = "<group>";
		};
/* End PBXGroup section */

/* Begin PBXNativeTarget section */
		C47DC7EA2816DE0000BB7746 /* AirUpTracker */ = {
			isa = PBXNativeTarget;
			buildConfigurationList = C47DC7F92816DE0100BB7746 /* Build configuration list for PBXNativeTarget "AirUpTracker" */;
			buildPhases = (
				C47DC7E72816DE0000BB7746 /* Sources */,
				C47DC7E82816DE0000BB7746 /* Frameworks */,
				C47DC7E92816DE0000BB7746 /* Resources */,
			);
			buildRules = (
			);
			dependencies = (
			);
			name = AirUpTracker;
			productName = AirUpTracker;
			productReference = C47DC7EB2816DE0000BB7746 /* AirUpTracker.app */;
			productType = "com.apple.product-type.application";
		};
/* End PBXNativeTarget section */

/* Begin PBXProject section */
		C47DC7E32816DE0000BB7746 /* Project object */ = {
			isa = PBXProject;
			attributes = {
				BuildIndependentTargetsInParallel = 1;
				LastSwiftUpdateCheck = 1330;
				LastUpgradeCheck = 1330;
				TargetAttributes = {
					C47DC7EA2816DE0000BB7746 = {
						CreatedOnToolsVersion = 13.3.1;
					};
				};
			};
			buildConfigurationList = C47DC7E62816DE0000BB7746 /* Build configuration list for PBXProject "AirUpTracker" */;
			compatibilityVersion = "Xcode 13.0";
			developmentRegion = en;
			hasScannedForEncodings = 0;
			knownRegions = (
				en,
				Base,
			);
			mainGroup = C47DC7E22816DE0000BB7746;
			productRefGroup = C47DC7EC2816DE0000BB7746 /* Products */;
			projectDirPath = "";
			projectRoot = "";
			targets = (
				C47DC7EA2816DE0000BB7746 /* AirUpTracker */,
			);
		};
/* End PBXProject section */

/* Begin PBXResourcesBuildPhase section */
		C47DC7E92816DE0000BB7746 /* Resources */ = {
			isa = PBXResourcesBuildPhase;
			buildActionMask = 2147483647;
			files = (
				C47DC7F62816DE0100BB7746 /* Preview Assets.xcassets in Resources */,
				C47DC7F32816DE0100BB7746 /* Assets.xcassets in Resources */,
			);
			runOnlyForDeploymentPostprocessing = 0;
		};
/* End PBXResourcesBuildPhase section */

/* Begin PBXSourcesBuildPhase section */
		C47DC7E72816DE0000BB7746 /* Sources */ = {
			isa = PBXSourcesBuildPhase;
			buildActionMask = 2147483647;
			files = (
				C47DC7F12816DE0000BB7746 /* HomeView.swift in Sources */,
				C47DC8032816F53600BB7746 /* FlavorsListView.swift in Sources */,
				C47DC8012816F33600BB7746 /* AirUpModel.xcdatamodeld in Sources */,
				C41A044C2817EF0800B889FC /* Flavor+CoreDataClass.swift in Sources */,
				C4DE9EAE281AD34900C071B8 /* BottleSizeSheet.swift in Sources */,
				C47DC80B2816F6B200BB7746 /* NewFlavorView.swift in Sources */,
				C47DC7FD2816F2FF00BB7746 /* CoreDataCoordinator.swift in Sources */,
				C47DC7EF2816DE0000BB7746 /* AirUpTrackerApp.swift in Sources */,
				C41A044D2817EF0800B889FC /* Flavor+CoreDataProperties.swift in Sources */,
				C41A044F2817F26C00B889FC /* EditFlavorView.swift in Sources */,
			);
			runOnlyForDeploymentPostprocessing = 0;
		};
/* End PBXSourcesBuildPhase section */

/* Begin XCBuildConfiguration section */
		C47DC7F72816DE0100BB7746 /* Debug */ = {
			isa = XCBuildConfiguration;
			buildSettings = {
				ALWAYS_SEARCH_USER_PATHS = NO;
				CLANG_ANALYZER_NONNULL = YES;
				CLANG_ANALYZER_NUMBER_OBJECT_CONVERSION = YES_AGGRESSIVE;
				CLANG_CXX_LANGUAGE_STANDARD = "gnu++17";
				CLANG_ENABLE_MODULES = YES;
				CLANG_ENABLE_OBJC_ARC = YES;
				CLANG_ENABLE_OBJC_WEAK = YES;
				CLANG_WARN_BLOCK_CAPTURE_AUTORELEASING = YES;
				CLANG_WARN_BOOL_CONVERSION = YES;
				CLANG_WARN_COMMA = YES;
				CLANG_WARN_CONSTANT_CONVERSION = YES;
				CLANG_WARN_DEPRECATED_OBJC_IMPLEMENTATIONS = YES;
				CLANG_WARN_DIRECT_OBJC_ISA_USAGE = YES_ERROR;
				CLANG_WARN_DOCUMENTATION_COMMENTS = YES;
				CLANG_WARN_EMPTY_BODY = YES;
				CLANG_WARN_ENUM_CONVERSION = YES;
				CLANG_WARN_INFINITE_RECURSION = YES;
				CLANG_WARN_INT_CONVERSION = YES;
				CLANG_WARN_NON_LITERAL_NULL_CONVERSION = YES;
				CLANG_WARN_OBJC_IMPLICIT_RETAIN_SELF = YES;
				CLANG_WARN_OBJC_LITERAL_CONVERSION = YES;
				CLANG_WARN_OBJC_ROOT_CLASS = YES_ERROR;
				CLANG_WARN_QUOTED_INCLUDE_IN_FRAMEWORK_HEADER = YES;
				CLANG_WARN_RANGE_LOOP_ANALYSIS = YES;
				CLANG_WARN_STRICT_PROTOTYPES = YES;
				CLANG_WARN_SUSPICIOUS_MOVE = YES;
				CLANG_WARN_UNGUARDED_AVAILABILITY = YES_AGGRESSIVE;
				CLANG_WARN_UNREACHABLE_CODE = YES;
				CLANG_WARN__DUPLICATE_METHOD_MATCH = YES;
				COPY_PHASE_STRIP = NO;
				DEBUG_INFORMATION_FORMAT = dwarf;
				ENABLE_STRICT_OBJC_MSGSEND = YES;
				ENABLE_TESTABILITY = YES;
				GCC_C_LANGUAGE_STANDARD = gnu11;
				GCC_DYNAMIC_NO_PIC = NO;
				GCC_NO_COMMON_BLOCKS = YES;
				GCC_OPTIMIZATION_LEVEL = 0;
				GCC_PREPROCESSOR_DEFINITIONS = (
					"DEBUG=1",
					"$(inherited)",
				);
				GCC_WARN_64_TO_32_BIT_CONVERSION = YES;
				GCC_WARN_ABOUT_RETURN_TYPE = YES_ERROR;
				GCC_WARN_UNDECLARED_SELECTOR = YES;
				GCC_WARN_UNINITIALIZED_AUTOS = YES_AGGRESSIVE;
				GCC_WARN_UNUSED_FUNCTION = YES;
				GCC_WARN_UNUSED_VARIABLE = YES;
				IPHONEOS_DEPLOYMENT_TARGET = 15.4;
				MTL_ENABLE_DEBUG_INFO = INCLUDE_SOURCE;
				MTL_FAST_MATH = YES;
				ONLY_ACTIVE_ARCH = YES;
				SDKROOT = iphoneos;
				SWIFT_ACTIVE_COMPILATION_CONDITIONS = DEBUG;
				SWIFT_OPTIMIZATION_LEVEL = "-Onone";
			};
			name = Debug;
		};
		C47DC7F82816DE0100BB7746 /* Release */ = {
			isa = XCBuildConfiguration;
			buildSettings = {
				ALWAYS_SEARCH_USER_PATHS = NO;
				CLANG_ANALYZER_NONNULL = YES;
				CLANG_ANALYZER_NUMBER_OBJECT_CONVERSION = YES_AGGRESSIVE;
				CLANG_CXX_LANGUAGE_STANDARD = "gnu++17";
				CLANG_ENABLE_MODULES = YES;
				CLANG_ENABLE_OBJC_ARC = YES;
				CLANG_ENABLE_OBJC_WEAK = YES;
				CLANG_WARN_BLOCK_CAPTURE_AUTORELEASING = YES;
				CLANG_WARN_BOOL_CONVERSION = YES;
				CLANG_WARN_COMMA = YES;
				CLANG_WARN_CONSTANT_CONVERSION = YES;
				CLANG_WARN_DEPRECATED_OBJC_IMPLEMENTATIONS = YES;
				CLANG_WARN_DIRECT_OBJC_ISA_USAGE = YES_ERROR;
				CLANG_WARN_DOCUMENTATION_COMMENTS = YES;
				CLANG_WARN_EMPTY_BODY = YES;
				CLANG_WARN_ENUM_CONVERSION = YES;
				CLANG_WARN_INFINITE_RECURSION = YES;
				CLANG_WARN_INT_CONVERSION = YES;
				CLANG_WARN_NON_LITERAL_NULL_CONVERSION = YES;
				CLANG_WARN_OBJC_IMPLICIT_RETAIN_SELF = YES;
				CLANG_WARN_OBJC_LITERAL_CONVERSION = YES;
				CLANG_WARN_OBJC_ROOT_CLASS = YES_ERROR;
				CLANG_WARN_QUOTED_INCLUDE_IN_FRAMEWORK_HEADER = YES;
				CLANG_WARN_RANGE_LOOP_ANALYSIS = YES;
				CLANG_WARN_STRICT_PROTOTYPES = YES;
				CLANG_WARN_SUSPICIOUS_MOVE = YES;
				CLANG_WARN_UNGUARDED_AVAILABILITY = YES_AGGRESSIVE;
				CLANG_WARN_UNREACHABLE_CODE = YES;
				CLANG_WARN__DUPLICATE_METHOD_MATCH = YES;
				COPY_PHASE_STRIP = NO;
				DEBUG_INFORMATION_FORMAT = "dwarf-with-dsym";
				ENABLE_NS_ASSERTIONS = NO;
				ENABLE_STRICT_OBJC_MSGSEND = YES;
				GCC_C_LANGUAGE_STANDARD = gnu11;
				GCC_NO_COMMON_BLOCKS = YES;
				GCC_WARN_64_TO_32_BIT_CONVERSION = YES;
				GCC_WARN_ABOUT_RETURN_TYPE = YES_ERROR;
				GCC_WARN_UNDECLARED_SELECTOR = YES;
				GCC_WARN_UNINITIALIZED_AUTOS = YES_AGGRESSIVE;
				GCC_WARN_UNUSED_FUNCTION = YES;
				GCC_WARN_UNUSED_VARIABLE = YES;
				IPHONEOS_DEPLOYMENT_TARGET = 15.4;
				MTL_ENABLE_DEBUG_INFO = NO;
				MTL_FAST_MATH = YES;
				SDKROOT = iphoneos;
				SWIFT_COMPILATION_MODE = wholemodule;
				SWIFT_OPTIMIZATION_LEVEL = "-O";
				VALIDATE_PRODUCT = YES;
			};
			name = Release;
		};
		C47DC7FA2816DE0100BB7746 /* Debug */ = {
			isa = XCBuildConfiguration;
			buildSettings = {
				ASSETCATALOG_COMPILER_APPICON_NAME = AppIcon;
				ASSETCATALOG_COMPILER_GLOBAL_ACCENT_COLOR_NAME = AccentColor;
				CODE_SIGN_STYLE = Automatic;
				CURRENT_PROJECT_VERSION = 1;
				DEVELOPMENT_ASSET_PATHS = "\"AirUpTracker/Preview Content\"";
				DEVELOPMENT_TEAM = 5WASNT9DG3;
				ENABLE_PREVIEWS = YES;
				GENERATE_INFOPLIST_FILE = YES;
				INFOPLIST_KEY_UIApplicationSceneManifest_Generation = YES;
				INFOPLIST_KEY_UIApplicationSupportsIndirectInputEvents = YES;
				INFOPLIST_KEY_UILaunchScreen_Generation = YES;
				INFOPLIST_KEY_UISupportedInterfaceOrientations_iPad = "UIInterfaceOrientationPortrait UIInterfaceOrientationPortraitUpsideDown UIInterfaceOrientationLandscapeLeft UIInterfaceOrientationLandscapeRight";
				INFOPLIST_KEY_UISupportedInterfaceOrientations_iPhone = "UIInterfaceOrientationPortrait UIInterfaceOrientationLandscapeLeft UIInterfaceOrientationLandscapeRight";
				LD_RUNPATH_SEARCH_PATHS = (
					"$(inherited)",
					"@executable_path/Frameworks",
				);
				MARKETING_VERSION = 1.0;
				PRODUCT_BUNDLE_IDENTIFIER = "Daniel-Pressner.AirUpTracker";
				PRODUCT_NAME = "$(TARGET_NAME)";
				SWIFT_EMIT_LOC_STRINGS = YES;
				SWIFT_VERSION = 5.0;
				TARGETED_DEVICE_FAMILY = 1;
			};
			name = Debug;
		};
		C47DC7FB2816DE0100BB7746 /* Release */ = {
			isa = XCBuildConfiguration;
			buildSettings = {
				ASSETCATALOG_COMPILER_APPICON_NAME = AppIcon;
				ASSETCATALOG_COMPILER_GLOBAL_ACCENT_COLOR_NAME = AccentColor;
				CODE_SIGN_STYLE = Automatic;
				CURRENT_PROJECT_VERSION = 1;
				DEVELOPMENT_ASSET_PATHS = "\"AirUpTracker/Preview Content\"";
				DEVELOPMENT_TEAM = 5WASNT9DG3;
				ENABLE_PREVIEWS = YES;
				GENERATE_INFOPLIST_FILE = YES;
				INFOPLIST_KEY_UIApplicationSceneManifest_Generation = YES;
				INFOPLIST_KEY_UIApplicationSupportsIndirectInputEvents = YES;
				INFOPLIST_KEY_UILaunchScreen_Generation = YES;
				INFOPLIST_KEY_UISupportedInterfaceOrientations_iPad = "UIInterfaceOrientationPortrait UIInterfaceOrientationPortraitUpsideDown UIInterfaceOrientationLandscapeLeft UIInterfaceOrientationLandscapeRight";
				INFOPLIST_KEY_UISupportedInterfaceOrientations_iPhone = "UIInterfaceOrientationPortrait UIInterfaceOrientationLandscapeLeft UIInterfaceOrientationLandscapeRight";
				LD_RUNPATH_SEARCH_PATHS = (
					"$(inherited)",
					"@executable_path/Frameworks",
				);
				MARKETING_VERSION = 1.0;
				PRODUCT_BUNDLE_IDENTIFIER = "Daniel-Pressner.AirUpTracker";
				PRODUCT_NAME = "$(TARGET_NAME)";
				SWIFT_EMIT_LOC_STRINGS = YES;
				SWIFT_VERSION = 5.0;
				TARGETED_DEVICE_FAMILY = 1;
			};
			name = Release;
		};
/* End XCBuildConfiguration section */

/* Begin XCConfigurationList section */
		C47DC7E62816DE0000BB7746 /* Build configuration list for PBXProject "AirUpTracker" */ = {
			isa = XCConfigurationList;
			buildConfigurations = (
				C47DC7F72816DE0100BB7746 /* Debug */,
				C47DC7F82816DE0100BB7746 /* Release */,
			);
			defaultConfigurationIsVisible = 0;
			defaultConfigurationName = Release;
		};
		C47DC7F92816DE0100BB7746 /* Build configuration list for PBXNativeTarget "AirUpTracker" */ = {
			isa = XCConfigurationList;
			buildConfigurations = (
				C47DC7FA2816DE0100BB7746 /* Debug */,
				C47DC7FB2816DE0100BB7746 /* Release */,
			);
			defaultConfigurationIsVisible = 0;
			defaultConfigurationName = Release;
		};
/* End XCConfigurationList section */

/* Begin XCVersionGroup section */
		C47DC7FF2816F33600BB7746 /* AirUpModel.xcdatamodeld */ = {
			isa = XCVersionGroup;
			children = (
				C47DC8002816F33600BB7746 /* AirUpModel.xcdatamodel */,
			);
			currentVersion = C47DC8002816F33600BB7746 /* AirUpModel.xcdatamodel */;
			path = AirUpModel.xcdatamodeld;
			sourceTree = "<group>";
			versionGroupType = wrapper.xcdatamodel;
		};
/* End XCVersionGroup section */
	};
	rootObject = C47DC7E32816DE0000BB7746 /* Project object */;
}
